
Microsoft Visual Studio Solution File, Format Version 12.00
Project("{FAE04EC0-301F-11D3-BF4B-00C04F79EFBC}") = "LaboratoryEscape", "LaboratoryEscape.csproj", "{D304A7BF-7DA9-4ABA-BB61-FE5701995FC7}"
EndProject
Global
	GlobalSection(SolutionConfigurationPlatforms) = preSolution
		Debug|Any CPU = Debug|Any CPU
		Release|Any CPU = Release|Any CPU
	EndGlobalSection
	GlobalSection(ProjectConfigurationPlatforms) = postSolution
		{D304A7BF-7DA9-4ABA-BB61-FE5701995FC7}.Debug|Any CPU.ActiveCfg = Debug|Any CPU
		{D304A7BF-7DA9-4ABA-BB61-FE5701995FC7}.Debug|Any CPU.Build.0 = Debug|Any CPU
		{D304A7BF-7DA9-4ABA-BB61-FE5701995FC7}.Release|Any CPU.ActiveCfg = Release|Any CPU
		{D304A7BF-7DA9-4ABA-BB61-FE5701995FC7}.Release|Any CPU.Build.0 = Release|Any CPU
	EndGlobalSection
EndGlobal
